PODS:
  - DATAFilter (0.10.0):
    - DATAObjectIDs (~> 0.5.1)
  - DATAObjectIDs (0.5.1)
  - DATASource (5.8.0)
  - DATAStack (5.2.0)
  - Hex (3.0.0)
  - Networking (1.0.1)
  - NSDictionary-ANDYSafeValue (0.3.1)
  - NSEntityDescription-SYNCPrimaryKey (1.1.0):
    - NSString-HYPNetworking (~> 0.4.0)
  - NSManagedObject-HYPPropertyMapper (3.6.4):
    - NSEntityDescription-SYNCPrimaryKey (~> 1.1.0)
    - NSString-HYPNetworking (~> 0.4.0)
  - NSString-HYPNetworking (0.4.0)
  - Sync (1.7.1):
    - DATAFilter (~> 0.10.0)
    - DATAStack (~> 5.2.0)
    - NSDictionary-ANDYSafeValue (~> 0.3.1)
    - NSEntityDescription-SYNCPrimaryKey (~> 1.1.0)
    - NSManagedObject-HYPPropertyMapper (~> 3.6.4)

DEPENDENCIES:
  - DATASource
  - Hex
  - Networking
  - Sync (from `git@github.com:hyperoslo/Sync.git`)

EXTERNAL SOURCES:
  Sync:
    :git: git@github.com:hyperoslo/Sync.git

CHECKOUT OPTIONS:
  Sync:
    :commit: 7b44559aa5bcc8d5fedd762b820a2b3ee903e092
    :git: git@github.com:hyperoslo/Sync.git

SPEC CHECKSUMS:
  DATAFilter: b6662b05dd0dcf658d526aa0f9095bb202d7b10e
  DATAObjectIDs: 33db74dd1c858c2d22a45a4013c95f1082182e4e
  DATASource: d5ecdfa4be7d73d41f58746d3346e5238766c86d
  DATAStack: 191884208ad864299d079c4350f78696ad4c9e6b
  Hex: ee430da9c4412d9196366ae5327f279021dc03eb
  Networking: 27736a1bca59b0c767a31006a76d076dd51402bc
  NSDictionary-ANDYSafeValue: 2d7adf339b6e302d71fec5f1d71ae00aacda993e
  NSEntityDescription-SYNCPrimaryKey: 66f1b5393ee3b6c8b12700d4c86ba6e5ad2bcfe9
  NSManagedObject-HYPPropertyMapper: 01ea4945879774201011260f6e309b1ae347b6fb
  NSString-HYPNetworking: 24c3828eebde8a37cc16101a475934a56ac820c0
  Sync: 532219c01f48480fe5a3bbb5ded538182fad6fc3

PODFILE CHECKSUM: e95027589311f407da8fdf391645154bc1acbfce

COCOAPODS: 1.0.0
