PODS:
  - DATASource (7.0.2)
  - JSON (5.0.0)
  - Sync (4.1.3)

DEPENDENCIES:
  - DATASource
  - JSON
  - Sync

SPEC REPOS:
  https://github.com/CocoaPods/Specs.git:
    - DATASource
    - JSON
    - Sync

SPEC CHECKSUMS:
  DATASource: b86db74542b5b27d4d2af43ae698022f19507379
  JSON: 93622160a062588b4cd3497b77ccd777f1fd0587
  Sync: 3cd2b84622c964220d7c7ba6e29823e096f1c1cf

PODFILE CHECKSUM: c6893face001d91e617ddd12021286a2fe16752e

COCOAPODS: 1.5.0
